// !$*UTF8*$!
{
	archiveVersion = 1;
	classes = {
	};
	objectVersion = 50;
	objects = {

/* Begin PBXBuildFile section */
		34CBCBF16097538AA4983017 /* Pods_unit5HW.framework in Frameworks */ = {isa = PBXBuildFile; fileRef = 9D445213D2B010A7C70D93D3 /* Pods_unit5HW.framework */; };
		36A7CC73221AA708007FBAD6 /* AppDelegate.swift in Sources */ = {isa = PBXBuildFile; fileRef = 36A7CC72221AA708007FBAD6 /* AppDelegate.swift */; };
		36A7CC78221AA708007FBAD6 /* Main.storyboard in Resources */ = {isa = PBXBuildFile; fileRef = 36A7CC76221AA708007FBAD6 /* Main.storyboard */; };
		36A7CC7A221AA70A007FBAD6 /* Assets.xcassets in Resources */ = {isa = PBXBuildFile; fileRef = 36A7CC79221AA70A007FBAD6 /* Assets.xcassets */; };
		36A7CC7D221AA70A007FBAD6 /* LaunchScreen.storyboard in Resources */ = {isa = PBXBuildFile; fileRef = 36A7CC7B221AA70A007FBAD6 /* LaunchScreen.storyboard */; };
		36A7CC85221B860E007FBAD6 /* LoginViewController.swift in Sources */ = {isa = PBXBuildFile; fileRef = 36A7CC84221B860E007FBAD6 /* LoginViewController.swift */; };
		36A7CC87221B8629007FBAD6 /* FeedViewController.swift in Sources */ = {isa = PBXBuildFile; fileRef = 36A7CC86221B8629007FBAD6 /* FeedViewController.swift */; };
		36A7CC89221B920C007FBAD6 /* CameraViewController.swift in Sources */ = {isa = PBXBuildFile; fileRef = 36A7CC88221B920C007FBAD6 /* CameraViewController.swift */; };
		36A7CC8B221C963B007FBAD6 /* PostCell.swift in Sources */ = {isa = PBXBuildFile; fileRef = 36A7CC8A221C963B007FBAD6 /* PostCell.swift */; };
		36A7CC8D22233E83007FBAD6 /* CommentCell.swift in Sources */ = {isa = PBXBuildFile; fileRef = 36A7CC8C22233E83007FBAD6 /* CommentCell.swift */; };
/* End PBXBuildFile section */

/* Begin PBXFileReference section */
		36A7CC6F221AA708007FBAD6 /* unit5HW.app */ = {isa = PBXFileReference; explicitFileType = wrapper.application; includeInIndex = 0; path = unit5HW.app; sourceTree = BUILT_PRODUCTS_DIR; };
		36A7CC72221AA708007FBAD6 /* AppDelegate.swift */ = {isa = PBXFileReference; lastKnownFileType = sourcecode.swift; path = AppDelegate.swift; sourceTree = "<group>"; };
		36A7CC77221AA708007FBAD6 /* Base */ = {isa = PBXFileReference; lastKnownFileType = file.storyboard; name = Base; path = Base.lproj/Main.storyboard; sourceTree = "<group>"; };
		36A7CC79221AA70A007FBAD6 /* Assets.xcassets */ = {isa = PBXFileReference; lastKnownFileType = folder.assetcatalog; path = Assets.xcassets; sourceTree = "<group>"; };
		36A7CC7C221AA70A007FBAD6 /* Base */ = {isa = PBXFileReference; lastKnownFileType = file.storyboard; name = Base; path = Base.lproj/LaunchScreen.storyboard; sourceTree = "<group>"; };
		36A7CC7E221AA70A007FBAD6 /* Info.plist */ = {isa = PBXFileReference; lastKnownFileType = text.plist.xml; path = Info.plist; sourceTree = "<group>"; };
		36A7CC84221B860E007FBAD6 /* LoginViewController.swift */ = {isa = PBXFileReference; lastKnownFileType = sourcecode.swift; path = LoginViewController.swift; sourceTree = "<group>"; };
		36A7CC86221B8629007FBAD6 /* FeedViewController.swift */ = {isa = PBXFileReference; lastKnownFileType = sourcecode.swift; path = FeedViewController.swift; sourceTree = "<group>"; };
		36A7CC88221B920C007FBAD6 /* CameraViewController.swift */ = {isa = PBXFileReference; lastKnownFileType = sourcecode.swift; path = CameraViewController.swift; sourceTree = "<group>"; };
		36A7CC8A221C963B007FBAD6 /* PostCell.swift */ = {isa = PBXFileReference; lastKnownFileType = sourcecode.swift; path = PostCell.swift; sourceTree = "<group>"; };
		36A7CC8C22233E83007FBAD6 /* CommentCell.swift */ = {isa = PBXFileReference; lastKnownFileType = sourcecode.swift; path = CommentCell.swift; sourceTree = "<group>"; };
		6C5E9C61666A1D2B05AA6451 /* Pods-unit5HW.release.xcconfig */ = {isa = PBXFileReference; includeInIndex = 1; lastKnownFileType = text.xcconfig; name = "Pods-unit5HW.release.xcconfig"; path = "Pods/Target Support Files/Pods-unit5HW/Pods-unit5HW.release.xcconfig"; sourceTree = "<group>"; };
		9D445213D2B010A7C70D93D3 /* Pods_unit5HW.framework */ = {isa = PBXFileReference; explicitFileType = wrapper.framework; includeInIndex = 0; path = Pods_unit5HW.framework; sourceTree = BUILT_PRODUCTS_DIR; };
		F4C6D63AD45C77B89B4FE3F7 /* Pods-unit5HW.debug.xcconfig */ = {isa = PBXFileReference; includeInIndex = 1; lastKnownFileType = text.xcconfig; name = "Pods-unit5HW.debug.xcconfig"; path = "Pods/Target Support Files/Pods-unit5HW/Pods-unit5HW.debug.xcconfig"; sourceTree = "<group>"; };
/* End PBXFileReference section */

/* Begin PBXFrameworksBuildPhase section */
		36A7CC6C221AA708007FBAD6 /* Frameworks */ = {
			isa = PBXFrameworksBuildPhase;
			buildActionMask = 2147483647;
			files = (
				34CBCBF16097538AA4983017 /* Pods_unit5HW.framework in Frameworks */,
			);
			runOnlyForDeploymentPostprocessing = 0;
		};
/* End PBXFrameworksBuildPhase section */

/* Begin PBXGroup section */
		36A7CC66221AA708007FBAD6 = {
			isa = PBXGroup;
			children = (
				36A7CC71221AA708007FBAD6 /* unit5HW */,
				36A7CC70221AA708007FBAD6 /* Products */,
				DB96562D6BF26407C4055F93 /* Pods */,
				4C72025167E0889DA3E5524B /* Frameworks */,
			);
			sourceTree = "<group>";
		};
		36A7CC70221AA708007FBAD6 /* Products */ = {
			isa = PBXGroup;
			children = (
				36A7CC6F221AA708007FBAD6 /* unit5HW.app */,
			);
			name = Products;
			sourceTree = "<group>";
		};
		36A7CC71221AA708007FBAD6 /* unit5HW */ = {
			isa = PBXGroup;
			children = (
				36A7CC72221AA708007FBAD6 /* AppDelegate.swift */,
				36A7CC76221AA708007FBAD6 /* Main.storyboard */,
				36A7CC79221AA70A007FBAD6 /* Assets.xcassets */,
				36A7CC7B221AA70A007FBAD6 /* LaunchScreen.storyboard */,
				36A7CC7E221AA70A007FBAD6 /* Info.plist */,
				36A7CC84221B860E007FBAD6 /* LoginViewController.swift */,
				36A7CC86221B8629007FBAD6 /* FeedViewController.swift */,
				36A7CC88221B920C007FBAD6 /* CameraViewController.swift */,
				36A7CC8A221C963B007FBAD6 /* PostCell.swift */,
				36A7CC8C22233E83007FBAD6 /* CommentCell.swift */,
			);
			path = unit5HW;
			sourceTree = "<group>";
		};
		4C72025167E0889DA3E5524B /* Frameworks */ = {
			isa = PBXGroup;
			children = (
				9D445213D2B010A7C70D93D3 /* Pods_unit5HW.framework */,
			);
			name = Frameworks;
			sourceTree = "<group>";
		};
		DB96562D6BF26407C4055F93 /* Pods */ = {
			isa = PBXGroup;
			children = (
				F4C6D63AD45C77B89B4FE3F7 /* Pods-unit5HW.debug.xcconfig */,
				6C5E9C61666A1D2B05AA6451 /* Pods-unit5HW.release.xcconfig */,
			);
			name = Pods;
			sourceTree = "<group>";
		};
/* End PBXGroup section */

/* Begin PBXNativeTarget section */
		36A7CC6E221AA708007FBAD6 /* unit5HW */ = {
			isa = PBXNativeTarget;
			buildConfigurationList = 36A7CC81221AA70A007FBAD6 /* Build configuration list for PBXNativeTarget "unit5HW" */;
			buildPhases = (
				63075C30A1CFB170FEE4A28D /* [CP] Check Pods Manifest.lock */,
				36A7CC6B221AA708007FBAD6 /* Sources */,
				36A7CC6C221AA708007FBAD6 /* Frameworks */,
				36A7CC6D221AA708007FBAD6 /* Resources */,
				64B5467C337DCD36E2B21694 /* [CP] Embed Pods Frameworks */,
			);
			buildRules = (
			);
			dependencies = (
			);
			name = unit5HW;
			productName = unit5HW;
			productReference = 36A7CC6F221AA708007FBAD6 /* unit5HW.app */;
			productType = "com.apple.product-type.application";
		};
/* End PBXNativeTarget section */

/* Begin PBXProject section */
		36A7CC67221AA708007FBAD6 /* Project object */ = {
			isa = PBXProject;
			attributes = {
				LastSwiftUpdateCheck = 1010;
				LastUpgradeCheck = 1010;
				ORGANIZATIONNAME = "Jackson Lu";
				TargetAttributes = {
					36A7CC6E221AA708007FBAD6 = {
						CreatedOnToolsVersion = 10.1;
					};
				};
			};
			buildConfigurationList = 36A7CC6A221AA708007FBAD6 /* Build configuration list for PBXProject "unit5HW" */;
			compatibilityVersion = "Xcode 9.3";
			developmentRegion = en;
			hasScannedForEncodings = 0;
			knownRegions = (
				en,
				Base,
			);
			mainGroup = 36A7CC66221AA708007FBAD6;
			productRefGroup = 36A7CC70221AA708007FBAD6 /* Products */;
			projectDirPath = "";
			projectRoot = "";
			targets = (
				36A7CC6E221AA708007FBAD6 /* unit5HW */,
			);
		};
/* End PBXProject section */

/* Begin PBXResourcesBuildPhase section */
		36A7CC6D221AA708007FBAD6 /* Resources */ = {
			isa = PBXResourcesBuildPhase;
			buildActionMask = 2147483647;
			files = (
				36A7CC7D221AA70A007FBAD6 /* LaunchScreen.storyboard in Resources */,
				36A7CC7A221AA70A007FBAD6 /* Assets.xcassets in Resources */,
				36A7CC78221AA708007FBAD6 /* Main.storyboard in Resources */,
			);
			runOnlyForDeploymentPostprocessing = 0;
		};
/* End PBXResourcesBuildPhase section */

/* Begin PBXShellScriptBuildPhase section */
		63075C30A1CFB170FEE4A28D /* [CP] Check Pods Manifest.lock */ = {
			isa = PBXShellScriptBuildPhase;
			buildActionMask = 2147483647;
			files = (
			);
			inputFileListPaths = (
			);
			inputPaths = (
				"${PODS_PODFILE_DIR_PATH}/Podfile.lock",
				"${PODS_ROOT}/Manifest.lock",
			);
			name = "[CP] Check Pods Manifest.lock";
			outputFileListPaths = (
			);
			outputPaths = (
				"$(DERIVED_FILE_DIR)/Pods-unit5HW-checkManifestLockResult.txt",
			);
			runOnlyForDeploymentPostprocessing = 0;
			shellPath = /bin/sh;
			shellScript = "diff \"${PODS_PODFILE_DIR_PATH}/Podfile.lock\" \"${PODS_ROOT}/Manifest.lock\" > /dev/null\nif [ $? != 0 ] ; then\n    # print error to STDERR\n    echo \"error: The sandbox is not in sync with the Podfile.lock. Run 'pod install' or update your CocoaPods installation.\" >&2\n    exit 1\nfi\n# This output is used by Xcode 'outputs' to avoid re-running this script phase.\necho \"SUCCESS\" > \"${SCRIPT_OUTPUT_FILE_0}\"\n";
			showEnvVarsInLog = 0;
		};
		64B5467C337DCD36E2B21694 /* [CP] Embed Pods Frameworks */ = {
			isa = PBXShellScriptBuildPhase;
			buildActionMask = 2147483647;
			files = (
			);
			inputFileListPaths = (
			);
			inputPaths = (
				"${SRCROOT}/Pods/Target Support Files/Pods-unit5HW/Pods-unit5HW-frameworks.sh",
				"${BUILT_PRODUCTS_DIR}/Alamofire/Alamofire.framework",
				"${BUILT_PRODUCTS_DIR}/AlamofireImage/AlamofireImage.framework",
				"${BUILT_PRODUCTS_DIR}/Bolts/Bolts.framework",
				"${BUILT_PRODUCTS_DIR}/MessageInputBar/MessageInputBar.framework",
				"${BUILT_PRODUCTS_DIR}/Parse/Parse.framework",
			);
			name = "[CP] Embed Pods Frameworks";
			outputFileListPaths = (
			);
			outputPaths = (
				"${TARGET_BUILD_DIR}/${FRAMEWORKS_FOLDER_PATH}/Alamofire.framework",
				"${TARGET_BUILD_DIR}/${FRAMEWORKS_FOLDER_PATH}/AlamofireImage.framework",
				"${TARGET_BUILD_DIR}/${FRAMEWORKS_FOLDER_PATH}/Bolts.framework",
				"${TARGET_BUILD_DIR}/${FRAMEWORKS_FOLDER_PATH}/MessageInputBar.framework",
				"${TARGET_BUILD_DIR}/${FRAMEWORKS_FOLDER_PATH}/Parse.framework",
			);
			runOnlyForDeploymentPostprocessing = 0;
			shellPath = /bin/sh;
			shellScript = "\"${SRCROOT}/Pods/Target Support Files/Pods-unit5HW/Pods-unit5HW-frameworks.sh\"\n";
			showEnvVarsInLog = 0;
		};
/* End PBXShellScriptBuildPhase section */

/* Begin PBXSourcesBuildPhase section */
		36A7CC6B221AA708007FBAD6 /* Sources */ = {
			isa = PBXSourcesBuildPhase;
			buildActionMask = 2147483647;
			files = (
				36A7CC85221B860E007FBAD6 /* LoginViewController.swift in Sources */,
				36A7CC89221B920C007FBAD6 /* CameraViewController.swift in Sources */,
				36A7CC87221B8629007FBAD6 /* FeedViewController.swift in Sources */,
				36A7CC73221AA708007FBAD6 /* AppDelegate.swift in Sources */,
				36A7CC8B221C963B007FBAD6 /* PostCell.swift in Sources */,
				36A7CC8D22233E83007FBAD6 /* CommentCell.swift in Sources */,
			);
			runOnlyForDeploymentPostprocessing = 0;
		};
/* End PBXSourcesBuildPhase section */

/* Begin PBXVariantGroup section */
		36A7CC76221AA708007FBAD6 /* Main.storyboard */ = {
			isa = PBXVariantGroup;
			children = (
				36A7CC77221AA708007FBAD6 /* Base */,
			);
			name = Main.storyboard;
			sourceTree = "<group>";
		};
		36A7CC7B221AA70A007FBAD6 /* LaunchScreen.storyboard */ = {
			isa = PBXVariantGroup;
			children = (
				36A7CC7C221AA70A007FBAD6 /* Base */,
			);
			name = LaunchScreen.storyboard;
			sourceTree = "<group>";
		};
/* End PBXVariantGroup section */

/* Begin XCBuildConfiguration section */
		36A7CC7F221AA70A007FBAD6 /* Debug */ = {
			isa = XCBuildConfiguration;
			buildSettings = {
				ALWAYS_SEARCH_USER_PATHS = NO;
				CLANG_ANALYZER_NONNULL = YES;
				CLANG_ANALYZER_NUMBER_OBJECT_CONVERSION = YES_AGGRESSIVE;
				CLANG_CXX_LANGUAGE_STANDARD = "gnu++14";
				CLANG_CXX_LIBRARY = "libc++";
				CLANG_ENABLE_MODULES = YES;
				CLANG_ENABLE_OBJC_ARC = YES;
				CLANG_ENABLE_OBJC_WEAK = YES;
				CLANG_WARN_BLOCK_CAPTURE_AUTORELEASING = YES;
				CLANG_WARN_BOOL_CONVERSION = YES;
				CLANG_WARN_COMMA = YES;
				CLANG_WARN_CONSTANT_CONVERSION = YES;
				CLANG_WARN_DEPRECATED_OBJC_IMPLEMENTATIONS = YES;
				CLANG_WARN_DIRECT_OBJC_ISA_USAGE = YES_ERROR;
				CLANG_WARN_DOCUMENTATION_COMMENTS = YES;
				CLANG_WARN_EMPTY_BODY = YES;
				CLANG_WARN_ENUM_CONVERSION = YES;
				CLANG_WARN_INFINITE_RECURSION = YES;
				CLANG_WARN_INT_CONVERSION = YES;
				CLANG_WARN_NON_LITERAL_NULL_CONVERSION = YES;
				CLANG_WARN_OBJC_IMPLICIT_RETAIN_SELF = YES;
				CLANG_WARN_OBJC_LITERAL_CONVERSION = YES;
				CLANG_WARN_OBJC_ROOT_CLASS = YES_ERROR;
				CLANG_WARN_RANGE_LOOP_ANALYSIS = YES;
				CLANG_WARN_STRICT_PROTOTYPES = YES;
				CLANG_WARN_SUSPICIOUS_MOVE = YES;
				CLANG_WARN_UNGUARDED_AVAILABILITY = YES_AGGRESSIVE;
				CLANG_WARN_UNREACHABLE_CODE = YES;
				CLANG_WARN__DUPLICATE_METHOD_MATCH = YES;
				CODE_SIGN_IDENTITY = "iPhone Developer";
				COPY_PHASE_STRIP = NO;
				DEBUG_INFORMATION_FORMAT = dwarf;
				ENABLE_STRICT_OBJC_MSGSEND = YES;
				ENABLE_TESTABILITY = YES;
				GCC_C_LANGUAGE_STANDARD = gnu11;
				GCC_DYNAMIC_NO_PIC = NO;
				GCC_NO_COMMON_BLOCKS = YES;
				GCC_OPTIMIZATION_LEVEL = 0;
				GCC_PREPROCESSOR_DEFINITIONS = (
					"DEBUG=1",
					"$(inherited)",
				);
				GCC_WARN_64_TO_32_BIT_CONVERSION = YES;
				GCC_WARN_ABOUT_RETURN_TYPE = YES_ERROR;
				GCC_WARN_UNDECLARED_SELECTOR = YES;
				GCC_WARN_UNINITIALIZED_AUTOS = YES_AGGRESSIVE;
				GCC_WARN_UNUSED_FUNCTION = YES;
				GCC_WARN_UNUSED_VARIABLE = YES;
				IPHONEOS_DEPLOYMENT_TARGET = 12.1;
				MTL_ENABLE_DEBUG_INFO = INCLUDE_SOURCE;
				MTL_FAST_MATH = YES;
				ONLY_ACTIVE_ARCH = YES;
				SDKROOT = iphoneos;
				SWIFT_ACTIVE_COMPILATION_CONDITIONS = DEBUG;
				SWIFT_OPTIMIZATION_LEVEL = "-Onone";
			};
			name = Debug;
		};
		36A7CC80221AA70A007FBAD6 /* Release */ = {
			isa = XCBuildConfiguration;
			buildSettings = {
				ALWAYS_SEARCH_USER_PATHS = NO;
				CLANG_ANALYZER_NONNULL = YES;
				CLANG_ANALYZER_NUMBER_OBJECT_CONVERSION = YES_AGGRESSIVE;
				CLANG_CXX_LANGUAGE_STANDARD = "gnu++14";
				CLANG_CXX_LIBRARY = "libc++";
				CLANG_ENABLE_MODULES = YES;
				CLANG_ENABLE_OBJC_ARC = YES;
				CLANG_ENABLE_OBJC_WEAK = YES;
				CLANG_WARN_BLOCK_CAPTURE_AUTORELEASING = YES;
				CLANG_WARN_BOOL_CONVERSION = YES;
				CLANG_WARN_COMMA = YES;
				CLANG_WARN_CONSTANT_CONVERSION = YES;
				CLANG_WARN_DEPRECATED_OBJC_IMPLEMENTATIONS = YES;
				CLANG_WARN_DIRECT_OBJC_ISA_USAGE = YES_ERROR;
				CLANG_WARN_DOCUMENTATION_COMMENTS = YES;
				CLANG_WARN_EMPTY_BODY = YES;
				CLANG_WARN_ENUM_CONVERSION = YES;
				CLANG_WARN_INFINITE_RECURSION = YES;
				CLANG_WARN_INT_CONVERSION = YES;
				CLANG_WARN_NON_LITERAL_NULL_CONVERSION = YES;
				CLANG_WARN_OBJC_IMPLICIT_RETAIN_SELF = YES;
				CLANG_WARN_OBJC_LITERAL_CONVERSION = YES;
				CLANG_WARN_OBJC_ROOT_CLASS = YES_ERROR;
				CLANG_WARN_RANGE_LOOP_ANALYSIS = YES;
				CLANG_WARN_STRICT_PROTOTYPES = YES;
				CLANG_WARN_SUSPICIOUS_MOVE = YES;
				CLANG_WARN_UNGUARDED_AVAILABILITY = YES_AGGRESSIVE;
				CLANG_WARN_UNREACHABLE_CODE = YES;
				CLANG_WARN__DUPLICATE_METHOD_MATCH = YES;
				CODE_SIGN_IDENTITY = "iPhone Developer";
				COPY_PHASE_STRIP = NO;
				DEBUG_INFORMATION_FORMAT = "dwarf-with-dsym";
				ENABLE_NS_ASSERTIONS = NO;
				ENABLE_STRICT_OBJC_MSGSEND = YES;
				GCC_C_LANGUAGE_STANDARD = gnu11;
				GCC_NO_COMMON_BLOCKS = YES;
				GCC_WARN_64_TO_32_BIT_CONVERSION = YES;
				GCC_WARN_ABOUT_RETURN_TYPE = YES_ERROR;
				GCC_WARN_UNDECLARED_SELECTOR = YES;
				GCC_WARN_UNINITIALIZED_AUTOS = YES_AGGRESSIVE;
				GCC_WARN_UNUSED_FUNCTION = YES;
				GCC_WARN_UNUSED_VARIABLE = YES;
				IPHONEOS_DEPLOYMENT_TARGET = 12.1;
				MTL_ENABLE_DEBUG_INFO = NO;
				MTL_FAST_MATH = YES;
				SDKROOT = iphoneos;
				SWIFT_COMPILATION_MODE = wholemodule;
				SWIFT_OPTIMIZATION_LEVEL = "-O";
				VALIDATE_PRODUCT = YES;
			};
			name = Release;
		};
		36A7CC82221AA70A007FBAD6 /* Debug */ = {
			isa = XCBuildConfiguration;
			baseConfigurationReference = F4C6D63AD45C77B89B4FE3F7 /* Pods-unit5HW.debug.xcconfig */;
			buildSettings = {
				ASSETCATALOG_COMPILER_APPICON_NAME = AppIcon;
				CODE_SIGN_STYLE = Automatic;
				DEVELOPMENT_TEAM = K4H5NF67NK;
				INFOPLIST_FILE = unit5HW/Info.plist;
				LD_RUNPATH_SEARCH_PATHS = (
					"$(inherited)",
					"@executable_path/Frameworks",
				);
				PRODUCT_BUNDLE_IDENTIFIER = com.codepath.unit5HW;
				PRODUCT_NAME = "$(TARGET_NAME)";
				SWIFT_VERSION = 4.2;
				TARGETED_DEVICE_FAMILY = "1,2";
			};
			name = Debug;
		};
		36A7CC83221AA70A007FBAD6 /* Release */ = {
			isa = XCBuildConfiguration;
			baseConfigurationReference = 6C5E9C61666A1D2B05AA6451 /* Pods-unit5HW.release.xcconfig */;
			buildSettings = {
				ASSETCATALOG_COMPILER_APPICON_NAME = AppIcon;
				CODE_SIGN_STYLE = Automatic;
				DEVELOPMENT_TEAM = K4H5NF67NK;
				INFOPLIST_FILE = unit5HW/Info.plist;
				LD_RUNPATH_SEARCH_PATHS = (
					"$(inherited)",
					"@executable_path/Frameworks",
				);
				PRODUCT_BUNDLE_IDENTIFIER = com.codepath.unit5HW;
				PRODUCT_NAME = "$(TARGET_NAME)";
				SWIFT_VERSION = 4.2;
				TARGETED_DEVICE_FAMILY = "1,2";
			};
			name = Release;
		};
/* End XCBuildConfiguration section */

/* Begin XCConfigurationList section */
		36A7CC6A221AA708007FBAD6 /* Build configuration list for PBXProject "unit5HW" */ = {
			isa = XCConfigurationList;
			buildConfigurations = (
				36A7CC7F221AA70A007FBAD6 /* Debug */,
				36A7CC80221AA70A007FBAD6 /* Release */,
			);
			defaultConfigurationIsVisible = 0;
			defaultConfigurationName = Release;
		};
		36A7CC81221AA70A007FBAD6 /* Build configuration list for PBXNativeTarget "unit5HW" */ = {
			isa = XCConfigurationList;
			buildConfigurations = (
				36A7CC82221AA70A007FBAD6 /* Debug */,
				36A7CC83221AA70A007FBAD6 /* Release */,
			);
			defaultConfigurationIsVisible = 0;
			defaultConfigurationName = Release;
		};
/* End XCConfigurationList section */
	};
	rootObject = 36A7CC67221AA708007FBAD6 /* Project object */;
}
